// !$*UTF8*$!
{
	archiveVersion = 1;
	classes = {
	};
	objectVersion = 46;
	objects = {

/* Begin PBXBuildFile section */
		10B74E711BED2F9E009F6F52 /* AppDelegate.swift in Sources */ = {isa = PBXBuildFile; fileRef = 10B74E701BED2F9E009F6F52 /* AppDelegate.swift */; };
		10B74E761BED2F9E009F6F52 /* Main.storyboard in Resources */ = {isa = PBXBuildFile; fileRef = 10B74E741BED2F9E009F6F52 /* Main.storyboard */; };
		10B74E781BED2F9E009F6F52 /* Assets.xcassets in Resources */ = {isa = PBXBuildFile; fileRef = 10B74E771BED2F9E009F6F52 /* Assets.xcassets */; };
		10B74E7B1BED2F9E009F6F52 /* LaunchScreen.storyboard in Resources */ = {isa = PBXBuildFile; fileRef = 10B74E791BED2F9E009F6F52 /* LaunchScreen.storyboard */; };
		10B74E831BED3048009F6F52 /* RaceListTableViewController.swift in Sources */ = {isa = PBXBuildFile; fileRef = 10B74E821BED3048009F6F52 /* RaceListTableViewController.swift */; };
		10B74E851BED305C009F6F52 /* RaceResultsTableViewController.swift in Sources */ = {isa = PBXBuildFile; fileRef = 10B74E841BED305C009F6F52 /* RaceResultsTableViewController.swift */; };
		10B74E891BED30E7009F6F52 /* Race.swift in Sources */ = {isa = PBXBuildFile; fileRef = 10B74E881BED30E7009F6F52 /* Race.swift */; };
		10B74E8C1BED3112009F6F52 /* RaceResult.swift in Sources */ = {isa = PBXBuildFile; fileRef = 10B74E8B1BED3112009F6F52 /* RaceResult.swift */; };
		10B74E8E1BED312F009F6F52 /* RaceController.swift in Sources */ = {isa = PBXBuildFile; fileRef = 10B74E8D1BED312F009F6F52 /* RaceController.swift */; };
		10B74E901BED3139009F6F52 /* DriverController.swift in Sources */ = {isa = PBXBuildFile; fileRef = 10B74E8F1BED3139009F6F52 /* DriverController.swift */; };
		10B74E931BED3152009F6F52 /* NetworkController.swift in Sources */ = {isa = PBXBuildFile; fileRef = 10B74E921BED3152009F6F52 /* NetworkController.swift */; };
		10B74E951BED6F09009F6F52 /* Driver.swift in Sources */ = {isa = PBXBuildFile; fileRef = 10B74E941BED6F09009F6F52 /* Driver.swift */; };
		10B74E971BED6F64009F6F52 /* DriverResultController.swift in Sources */ = {isa = PBXBuildFile; fileRef = 10B74E961BED6F64009F6F52 /* DriverResultController.swift */; };
/* End PBXBuildFile section */

/* Begin PBXFileReference section */
		10B74E6D1BED2F9E009F6F52 /* F1Results.app */ = {isa = PBXFileReference; explicitFileType = wrapper.application; includeInIndex = 0; path = F1Results.app; sourceTree = BUILT_PRODUCTS_DIR; };
		10B74E701BED2F9E009F6F52 /* AppDelegate.swift */ = {isa = PBXFileReference; lastKnownFileType = sourcecode.swift; path = AppDelegate.swift; sourceTree = "<group>"; };
		10B74E751BED2F9E009F6F52 /* Base */ = {isa = PBXFileReference; lastKnownFileType = file.storyboard; name = Base; path = Base.lproj/Main.storyboard; sourceTree = "<group>"; };
		10B74E771BED2F9E009F6F52 /* Assets.xcassets */ = {isa = PBXFileReference; lastKnownFileType = folder.assetcatalog; path = Assets.xcassets; sourceTree = "<group>"; };
		10B74E7A1BED2F9E009F6F52 /* Base */ = {isa = PBXFileReference; lastKnownFileType = file.storyboard; name = Base; path = Base.lproj/LaunchScreen.storyboard; sourceTree = "<group>"; };
		10B74E7C1BED2F9E009F6F52 /* Info.plist */ = {isa = PBXFileReference; lastKnownFileType = text.plist.xml; path = Info.plist; sourceTree = "<group>"; };
		10B74E821BED3048009F6F52 /* RaceListTableViewController.swift */ = {isa = PBXFileReference; fileEncoding = 4; lastKnownFileType = sourcecode.swift; path = RaceListTableViewController.swift; sourceTree = "<group>"; };
		10B74E841BED305C009F6F52 /* RaceResultsTableViewController.swift */ = {isa = PBXFileReference; fileEncoding = 4; lastKnownFileType = sourcecode.swift; path = RaceResultsTableViewController.swift; sourceTree = "<group>"; };
		10B74E881BED30E7009F6F52 /* Race.swift */ = {isa = PBXFileReference; fileEncoding = 4; lastKnownFileType = sourcecode.swift; path = Race.swift; sourceTree = "<group>"; };
		10B74E8B1BED3112009F6F52 /* RaceResult.swift */ = {isa = PBXFileReference; fileEncoding = 4; lastKnownFileType = sourcecode.swift; path = RaceResult.swift; sourceTree = "<group>"; };
		10B74E8D1BED312F009F6F52 /* RaceController.swift */ = {isa = PBXFileReference; fileEncoding = 4; lastKnownFileType = sourcecode.swift; path = RaceController.swift; sourceTree = "<group>"; };
		10B74E8F1BED3139009F6F52 /* DriverController.swift */ = {isa = PBXFileReference; fileEncoding = 4; lastKnownFileType = sourcecode.swift; path = DriverController.swift; sourceTree = "<group>"; };
		10B74E921BED3152009F6F52 /* NetworkController.swift */ = {isa = PBXFileReference; fileEncoding = 4; lastKnownFileType = sourcecode.swift; path = NetworkController.swift; sourceTree = "<group>"; };
		10B74E941BED6F09009F6F52 /* Driver.swift */ = {isa = PBXFileReference; fileEncoding = 4; lastKnownFileType = sourcecode.swift; path = Driver.swift; sourceTree = "<group>"; };
		10B74E961BED6F64009F6F52 /* DriverResultController.swift */ = {isa = PBXFileReference; fileEncoding = 4; lastKnownFileType = sourcecode.swift; path = DriverResultController.swift; sourceTree = "<group>"; };
/* End PBXFileReference section */

/* Begin PBXFrameworksBuildPhase section */
		10B74E6A1BED2F9E009F6F52 /* Frameworks */ = {
			isa = PBXFrameworksBuildPhase;
			buildActionMask = 2147483647;
			files = (
			);
			runOnlyForDeploymentPostprocessing = 0;
		};
/* End PBXFrameworksBuildPhase section */

/* Begin PBXGroup section */
		10B74E641BED2F9E009F6F52 = {
			isa = PBXGroup;
			children = (
				10B74E6F1BED2F9E009F6F52 /* F1Results */,
				10B74E871BED3082009F6F52 /* Supporting Files */,
				10B74E6E1BED2F9E009F6F52 /* Products */,
			);
			sourceTree = "<group>";
		};
		10B74E6E1BED2F9E009F6F52 /* Products */ = {
			isa = PBXGroup;
			children = (
				10B74E6D1BED2F9E009F6F52 /* F1Results.app */,
			);
			name = Products;
			sourceTree = "<group>";
		};
		10B74E6F1BED2F9E009F6F52 /* F1Results */ = {
			isa = PBXGroup;
			children = (
				10B74E701BED2F9E009F6F52 /* AppDelegate.swift */,
				10B74E741BED2F9E009F6F52 /* Main.storyboard */,
				10B74E861BED3064009F6F52 /* Views */,
				10B74E911BED313D009F6F52 /* Controllers */,
				10B74E8A1BED30EB009F6F52 /* Model */,
				10B74E771BED2F9E009F6F52 /* Assets.xcassets */,
			);
			path = F1Results;
			sourceTree = "<group>";
		};
		10B74E861BED3064009F6F52 /* Views */ = {
			isa = PBXGroup;
			children = (
				10B74E821BED3048009F6F52 /* RaceListTableViewController.swift */,
				10B74E841BED305C009F6F52 /* RaceResultsTableViewController.swift */,
			);
			name = Views;
			path = ..;
			sourceTree = "<group>";
		};
		10B74E871BED3082009F6F52 /* Supporting Files */ = {
			isa = PBXGroup;
			children = (
				10B74E791BED2F9E009F6F52 /* LaunchScreen.storyboard */,
				10B74E7C1BED2F9E009F6F52 /* Info.plist */,
			);
			name = "Supporting Files";
			path = F1Results;
			sourceTree = "<group>";
		};
		10B74E8A1BED30EB009F6F52 /* Model */ = {
			isa = PBXGroup;
			children = (
				10B74E881BED30E7009F6F52 /* Race.swift */,
				10B74E8B1BED3112009F6F52 /* RaceResult.swift */,
				10B74E941BED6F09009F6F52 /* Driver.swift */,
			);
			name = Model;
			path = ..;
			sourceTree = "<group>";
		};
		10B74E911BED313D009F6F52 /* Controllers */ = {
			isa = PBXGroup;
			children = (
				10B74E921BED3152009F6F52 /* NetworkController.swift */,
				10B74E8D1BED312F009F6F52 /* RaceController.swift */,
				10B74E8F1BED3139009F6F52 /* DriverController.swift */,
				10B74E961BED6F64009F6F52 /* DriverResultController.swift */,
			);
			name = Controllers;
			path = ..;
			sourceTree = "<group>";
		};
/* End PBXGroup section */

/* Begin PBXNativeTarget section */
		10B74E6C1BED2F9E009F6F52 /* F1Results */ = {
			isa = PBXNativeTarget;
			buildConfigurationList = 10B74E7F1BED2F9E009F6F52 /* Build configuration list for PBXNativeTarget "F1Results" */;
			buildPhases = (
				10B74E691BED2F9E009F6F52 /* Sources */,
				10B74E6A1BED2F9E009F6F52 /* Frameworks */,
				10B74E6B1BED2F9E009F6F52 /* Resources */,
			);
			buildRules = (
			);
			dependencies = (
			);
			name = F1Results;
			productName = F1Results;
			productReference = 10B74E6D1BED2F9E009F6F52 /* F1Results.app */;
			productType = "com.apple.product-type.application";
		};
/* End PBXNativeTarget section */

/* Begin PBXProject section */
		10B74E651BED2F9E009F6F52 /* Project object */ = {
			isa = PBXProject;
			attributes = {
				LastSwiftUpdateCheck = 0710;
				LastUpgradeCheck = 0710;
				ORGANIZATIONNAME = "Mike Gilroy";
				TargetAttributes = {
					10B74E6C1BED2F9E009F6F52 = {
						CreatedOnToolsVersion = 7.1;
					};
				};
			};
			buildConfigurationList = 10B74E681BED2F9E009F6F52 /* Build configuration list for PBXProject "F1Results" */;
			compatibilityVersion = "Xcode 3.2";
			developmentRegion = English;
			hasScannedForEncodings = 0;
			knownRegions = (
				en,
				Base,
			);
			mainGroup = 10B74E641BED2F9E009F6F52;
			productRefGroup = 10B74E6E1BED2F9E009F6F52 /* Products */;
			projectDirPath = "";
			projectRoot = "";
			targets = (
				10B74E6C1BED2F9E009F6F52 /* F1Results */,
			);
		};
/* End PBXProject section */

/* Begin PBXResourcesBuildPhase section */
		10B74E6B1BED2F9E009F6F52 /* Resources */ = {
			isa = PBXResourcesBuildPhase;
			buildActionMask = 2147483647;
			files = (
				10B74E7B1BED2F9E009F6F52 /* LaunchScreen.storyboard in Resources */,
				10B74E781BED2F9E009F6F52 /* Assets.xcassets in Resources */,
				10B74E761BED2F9E009F6F52 /* Main.storyboard in Resources */,
			);
			runOnlyForDeploymentPostprocessing = 0;
		};
/* End PBXResourcesBuildPhase section */

/* Begin PBXSourcesBuildPhase section */
		10B74E691BED2F9E009F6F52 /* Sources */ = {
			isa = PBXSourcesBuildPhase;
			buildActionMask = 2147483647;
			files = (
				10B74E931BED3152009F6F52 /* NetworkController.swift in Sources */,
				10B74E8C1BED3112009F6F52 /* RaceResult.swift in Sources */,
				10B74E971BED6F64009F6F52 /* DriverResultController.swift in Sources */,
				10B74E891BED30E7009F6F52 /* Race.swift in Sources */,
				10B74E901BED3139009F6F52 /* DriverController.swift in Sources */,
				10B74E8E1BED312F009F6F52 /* RaceController.swift in Sources */,
				10B74E851BED305C009F6F52 /* RaceResultsTableViewController.swift in Sources */,
				10B74E951BED6F09009F6F52 /* Driver.swift in Sources */,
				10B74E831BED3048009F6F52 /* RaceListTableViewController.swift in Sources */,
				10B74E711BED2F9E009F6F52 /* AppDelegate.swift in Sources */,
			);
			runOnlyForDeploymentPostprocessing = 0;
		};
/* End PBXSourcesBuildPhase section */

/* Begin PBXVariantGroup section */
		10B74E741BED2F9E009F6F52 /* Main.storyboard */ = {
			isa = PBXVariantGroup;
			children = (
				10B74E751BED2F9E009F6F52 /* Base */,
			);
			name = Main.storyboard;
			sourceTree = "<group>";
		};
		10B74E791BED2F9E009F6F52 /* LaunchScreen.storyboard */ = {
			isa = PBXVariantGroup;
			children = (
				10B74E7A1BED2F9E009F6F52 /* Base */,
			);
			name = LaunchScreen.storyboard;
			sourceTree = "<group>";
		};
/* End PBXVariantGroup section */

/* Begin XCBuildConfiguration section */
		10B74E7D1BED2F9E009F6F52 /* Debug */ = {
			isa = XCBuildConfiguration;
			buildSettings = {
				ALWAYS_SEARCH_USER_PATHS = NO;
				CLANG_CXX_LANGUAGE_STANDARD = "gnu++0x";
				CLANG_CXX_LIBRARY = "libc++";
				CLANG_ENABLE_MODULES = YES;
				CLANG_ENABLE_OBJC_ARC = YES;
				CLANG_WARN_BOOL_CONVERSION = YES;
				CLANG_WARN_CONSTANT_CONVERSION = YES;
				CLANG_WARN_DIRECT_OBJC_ISA_USAGE = YES_ERROR;
				CLANG_WARN_EMPTY_BODY = YES;
				CLANG_WARN_ENUM_CONVERSION = YES;
				CLANG_WARN_INT_CONVERSION = YES;
				CLANG_WARN_OBJC_ROOT_CLASS = YES_ERROR;
				CLANG_WARN_UNREACHABLE_CODE = YES;
				CLANG_WARN__DUPLICATE_METHOD_MATCH = YES;
				"CODE_SIGN_IDENTITY[sdk=iphoneos*]" = "iPhone Developer";
				COPY_PHASE_STRIP = NO;
				DEBUG_INFORMATION_FORMAT = dwarf;
				ENABLE_STRICT_OBJC_MSGSEND = YES;
				ENABLE_TESTABILITY = YES;
				GCC_C_LANGUAGE_STANDARD = gnu99;
				GCC_DYNAMIC_NO_PIC = NO;
				GCC_NO_COMMON_BLOCKS = YES;
				GCC_OPTIMIZATION_LEVEL = 0;
				GCC_PREPROCESSOR_DEFINITIONS = (
					"DEBUG=1",
					"$(inherited)",
				);
				GCC_WARN_64_TO_32_BIT_CONVERSION = YES;
				GCC_WARN_ABOUT_RETURN_TYPE = YES_ERROR;
				GCC_WARN_UNDECLARED_SELECTOR = YES;
				GCC_WARN_UNINITIALIZED_AUTOS = YES_AGGRESSIVE;
				GCC_WARN_UNUSED_FUNCTION = YES;
				GCC_WARN_UNUSED_VARIABLE = YES;
				IPHONEOS_DEPLOYMENT_TARGET = 9.1;
				MTL_ENABLE_DEBUG_INFO = YES;
				ONLY_ACTIVE_ARCH = YES;
				SDKROOT = iphoneos;
				SWIFT_OPTIMIZATION_LEVEL = "-Onone";
			};
			name = Debug;
		};
		10B74E7E1BED2F9E009F6F52 /* Release */ = {
			isa = XCBuildConfiguration;
			buildSettings = {
				ALWAYS_SEARCH_USER_PATHS = NO;
				CLANG_CXX_LANGUAGE_STANDARD = "gnu++0x";
				CLANG_CXX_LIBRARY = "libc++";
				CLANG_ENABLE_MODULES = YES;
				CLANG_ENABLE_OBJC_ARC = YES;
				CLANG_WARN_BOOL_CONVERSION = YES;
				CLANG_WARN_CONSTANT_CONVERSION = YES;
				CLANG_WARN_DIRECT_OBJC_ISA_USAGE = YES_ERROR;
				CLANG_WARN_EMPTY_BODY = YES;
				CLANG_WARN_ENUM_CONVERSION = YES;
				CLANG_WARN_INT_CONVERSION = YES;
				CLANG_WARN_OBJC_ROOT_CLASS = YES_ERROR;
				CLANG_WARN_UNREACHABLE_CODE = YES;
				CLANG_WARN__DUPLICATE_METHOD_MATCH = YES;
				"CODE_SIGN_IDENTITY[sdk=iphoneos*]" = "iPhone Developer";
				COPY_PHASE_STRIP = NO;
				DEBUG_INFORMATION_FORMAT = "dwarf-with-dsym";
				ENABLE_NS_ASSERTIONS = NO;
				ENABLE_STRICT_OBJC_MSGSEND = YES;
				GCC_C_LANGUAGE_STANDARD = gnu99;
				GCC_NO_COMMON_BLOCKS = YES;
				GCC_WARN_64_TO_32_BIT_CONVERSION = YES;
				GCC_WARN_ABOUT_RETURN_TYPE = YES_ERROR;
				GCC_WARN_UNDECLARED_SELECTOR = YES;
				GCC_WARN_UNINITIALIZED_AUTOS = YES_AGGRESSIVE;
				GCC_WARN_UNUSED_FUNCTION = YES;
				GCC_WARN_UNUSED_VARIABLE = YES;
				IPHONEOS_DEPLOYMENT_TARGET = 9.1;
				MTL_ENABLE_DEBUG_INFO = NO;
				SDKROOT = iphoneos;
				VALIDATE_PRODUCT = YES;
			};
			name = Release;
		};
		10B74E801BED2F9E009F6F52 /* Debug */ = {
			isa = XCBuildConfiguration;
			buildSettings = {
				ASSETCATALOG_COMPILER_APPICON_NAME = AppIcon;
				INFOPLIST_FILE = F1Results/Info.plist;
				LD_RUNPATH_SEARCH_PATHS = "$(inherited) @executable_path/Frameworks";
				PRODUCT_BUNDLE_IDENTIFIER = mikegilroy.F1Results;
				PRODUCT_NAME = "$(TARGET_NAME)";
			};
			name = Debug;
		};
		10B74E811BED2F9E009F6F52 /* Release */ = {
			isa = XCBuildConfiguration;
			buildSettings = {
				ASSETCATALOG_COMPILER_APPICON_NAME = AppIcon;
				INFOPLIST_FILE = F1Results/Info.plist;
				LD_RUNPATH_SEARCH_PATHS = "$(inherited) @executable_path/Frameworks";
				PRODUCT_BUNDLE_IDENTIFIER = mikegilroy.F1Results;
				PRODUCT_NAME = "$(TARGET_NAME)";
			};
			name = Release;
		};
/* End XCBuildConfiguration section */

/* Begin XCConfigurationList section */
		10B74E681BED2F9E009F6F52 /* Build configuration list for PBXProject "F1Results" */ = {
			isa = XCConfigurationList;
			buildConfigurations = (
				10B74E7D1BED2F9E009F6F52 /* Debug */,
				10B74E7E1BED2F9E009F6F52 /* Release */,
			);
			defaultConfigurationIsVisible = 0;
			defaultConfigurationName = Release;
		};
		10B74E7F1BED2F9E009F6F52 /* Build configuration list for PBXNativeTarget "F1Results" */ = {
			isa = XCConfigurationList;
			buildConfigurations = (
				10B74E801BED2F9E009F6F52 /* Debug */,
				10B74E811BED2F9E009F6F52 /* Release */,
			);
			defaultConfigurationIsVisible = 0;
		};
/* End XCConfigurationList section */
	};
	rootObject = 10B74E651BED2F9E009F6F52 /* Project object */;
}
